// !$*UTF8*$!
{
	archiveVersion = 1;
	classes = {
	};
	objectVersion = 56;
	objects = {

/* Begin PBXBuildFile section */
		1802574A2A3FF7750057E850 /* ProfileView.xib in Resources */ = {isa = PBXBuildFile; fileRef = 180257492A3FF7750057E850 /* ProfileView.xib */; };
		1802574C2A3FF7A90057E850 /* ProfileView.swift in Sources */ = {isa = PBXBuildFile; fileRef = 1802574B2A3FF7A90057E850 /* ProfileView.swift */; };
		1802574E2A4000740057E850 /* LikeCommentView.xib in Resources */ = {isa = PBXBuildFile; fileRef = 1802574D2A4000740057E850 /* LikeCommentView.xib */; };
		180257502A40007D0057E850 /* LikeCommentView.swift in Sources */ = {isa = PBXBuildFile; fileRef = 1802574F2A40007D0057E850 /* LikeCommentView.swift */; };
		1808CA372A317D6B009CA1EB /* CreateShortVideoViewController.swift in Sources */ = {isa = PBXBuildFile; fileRef = 1808CA342A317D6B009CA1EB /* CreateShortVideoViewController.swift */; };
		1808CA382A317D6B009CA1EB /* CreateShortVideoViewModel.swift in Sources */ = {isa = PBXBuildFile; fileRef = 1808CA352A317D6B009CA1EB /* CreateShortVideoViewModel.swift */; };
		1808CA392A317D6B009CA1EB /* CreateShortVideoViewController.xib in Resources */ = {isa = PBXBuildFile; fileRef = 1808CA362A317D6B009CA1EB /* CreateShortVideoViewController.xib */; };
		18173D032A7D0B91007499B5 /* AppIcon.storyboard in Resources */ = {isa = PBXBuildFile; fileRef = 18173D022A7D0B91007499B5 /* AppIcon.storyboard */; };
		18259C6C2A331B9C0000CCA1 /* EditShortVideoCoverViewController.swift in Sources */ = {isa = PBXBuildFile; fileRef = 18259C692A331B9C0000CCA1 /* EditShortVideoCoverViewController.swift */; };
		18259C6D2A331B9C0000CCA1 /* EditShortVideoCoverModel.swift in Sources */ = {isa = PBXBuildFile; fileRef = 18259C6A2A331B9C0000CCA1 /* EditShortVideoCoverModel.swift */; };
		18259C6E2A331B9C0000CCA1 /* EditShortVideoCoverViewController.xib in Resources */ = {isa = PBXBuildFile; fileRef = 18259C6B2A331B9C0000CCA1 /* EditShortVideoCoverViewController.xib */; };
		1833D7672A32ED41006C5BF7 /* PaddingLabel.swift in Sources */ = {isa = PBXBuildFile; fileRef = 1833D7662A32ED41006C5BF7 /* PaddingLabel.swift */; };
		1834CAD32A77768D003615A2 /* AppDirector.swift in Sources */ = {isa = PBXBuildFile; fileRef = 1834CAD22A77768D003615A2 /* AppDirector.swift */; };
		183B27C42A303D6400448624 /* ShortVideoListViewController.swift in Sources */ = {isa = PBXBuildFile; fileRef = 183B27C12A303D6400448624 /* ShortVideoListViewController.swift */; };
		183B27C52A303D6400448624 /* ShortVideoListViewModel.swift in Sources */ = {isa = PBXBuildFile; fileRef = 183B27C22A303D6400448624 /* ShortVideoListViewModel.swift */; };
		183B27C62A303D6400448624 /* ShortVideoListViewController.xib in Resources */ = {isa = PBXBuildFile; fileRef = 183B27C32A303D6400448624 /* ShortVideoListViewController.xib */; };
		183B27C92A30418600448624 /* ShortVideoListCollectionViewCell.swift in Sources */ = {isa = PBXBuildFile; fileRef = 183B27C72A30418600448624 /* ShortVideoListCollectionViewCell.swift */; };
		183B27CA2A30418600448624 /* ShortVideoListCollectionViewCell.xib in Resources */ = {isa = PBXBuildFile; fileRef = 183B27C82A30418600448624 /* ShortVideoListCollectionViewCell.xib */; };
		183B27CD2A305AC700448624 /* ShortVideoList.swift in Sources */ = {isa = PBXBuildFile; fileRef = 183B27CC2A305AC700448624 /* ShortVideoList.swift */; };
		183B27D02A3081E100448624 /* Collection.swift in Sources */ = {isa = PBXBuildFile; fileRef = 183B27CF2A3081E100448624 /* Collection.swift */; };
		1841C20B2A70CC3F001F10A4 /* TextEditDragDropViewController.xib in Resources */ = {isa = PBXBuildFile; fileRef = 1841C2092A70BC0B001F10A4 /* TextEditDragDropViewController.xib */; };
		18430B832A53DA7B001DB9CD /* ShortVideo.swift in Sources */ = {isa = PBXBuildFile; fileRef = 18430B822A53DA7B001DB9CD /* ShortVideo.swift */; };
		184918E22A5663DA000832B5 /* ShortVideoManager.swift in Sources */ = {isa = PBXBuildFile; fileRef = 184918E12A5663DA000832B5 /* ShortVideoManager.swift */; };
		184918EC2A56C20D000832B5 /* ProfileHeaderCollectionReusableView.swift in Sources */ = {isa = PBXBuildFile; fileRef = 184918EA2A56C20D000832B5 /* ProfileHeaderCollectionReusableView.swift */; };
		184918ED2A56C20D000832B5 /* ProfileHeaderCollectionReusableView.xib in Resources */ = {isa = PBXBuildFile; fileRef = 184918EB2A56C20D000832B5 /* ProfileHeaderCollectionReusableView.xib */; };
		1852BEDF2A4C1685001C930C /* ShortVideoPost.swift in Sources */ = {isa = PBXBuildFile; fileRef = 1852BEDE2A4C1685001C930C /* ShortVideoPost.swift */; };
		1852BEE12A4C1D4C001C930C /* User.swift in Sources */ = {isa = PBXBuildFile; fileRef = 1852BEE02A4C1D4C001C930C /* User.swift */; };
		1852BEE42A4C2A3A001C930C /* RandomDate.swift in Sources */ = {isa = PBXBuildFile; fileRef = 1852BEE32A4C2A3A001C930C /* RandomDate.swift */; };
		1852BEE62A4C3459001C930C /* DisplayHashTagCollectionViewCell.xib in Resources */ = {isa = PBXBuildFile; fileRef = 1852BEE52A4C3459001C930C /* DisplayHashTagCollectionViewCell.xib */; };
		1852BEE82A4C3470001C930C /* DisplayHashTagCollectionViewCell.swift in Sources */ = {isa = PBXBuildFile; fileRef = 1852BEE72A4C3470001C930C /* DisplayHashTagCollectionViewCell.swift */; };
		1852BEEB2A4C34A5001C930C /* SocialPostHashTagView.swift in Sources */ = {isa = PBXBuildFile; fileRef = 1852BEE92A4C34A5001C930C /* SocialPostHashTagView.swift */; };
		1852BEEC2A4C34A5001C930C /* SocialPostHashTagView.xib in Resources */ = {isa = PBXBuildFile; fileRef = 1852BEEA2A4C34A5001C930C /* SocialPostHashTagView.xib */; };
		1852BEF02A4C3F09001C930C /* ButtonExtension.swift in Sources */ = {isa = PBXBuildFile; fileRef = 1852BEEF2A4C3F09001C930C /* ButtonExtension.swift */; };
		1852BEF22A4D7610001C930C /* MediaModel.swift in Sources */ = {isa = PBXBuildFile; fileRef = 1852BEF12A4D7610001C930C /* MediaModel.swift */; };
		1852BEF42A4D7D29001C930C /* ShortVDOService.swift in Sources */ = {isa = PBXBuildFile; fileRef = 1852BEF32A4D7D29001C930C /* ShortVDOService.swift */; };
		1862D6F02A5E5BE800FB8AD8 /* TextEditDragDropViewController+Gesture.swift in Sources */ = {isa = PBXBuildFile; fileRef = 1862D6E72A5E5BE800FB8AD8 /* TextEditDragDropViewController+Gesture.swift */; };
		1862D6F12A5E5BE800FB8AD8 /* TextEditDragDropViewController.swift in Sources */ = {isa = PBXBuildFile; fileRef = 1862D6E82A5E5BE800FB8AD8 /* TextEditDragDropViewController.swift */; };
		1862D6F22A5E5BE800FB8AD8 /* DisplayLabelView.xib in Resources */ = {isa = PBXBuildFile; fileRef = 1862D6E92A5E5BE800FB8AD8 /* DisplayLabelView.xib */; };
		1862D6F42A5E5BE800FB8AD8 /* FontColorCollectionViewCell.swift in Sources */ = {isa = PBXBuildFile; fileRef = 1862D6EB2A5E5BE800FB8AD8 /* FontColorCollectionViewCell.swift */; };
		1862D6F52A5E5BE800FB8AD8 /* FontStyleCollectionViewCell.xib in Resources */ = {isa = PBXBuildFile; fileRef = 1862D6EC2A5E5BE800FB8AD8 /* FontStyleCollectionViewCell.xib */; };
		1862D6F62A5E5BE800FB8AD8 /* FontStyleCollectionViewCell.swift in Sources */ = {isa = PBXBuildFile; fileRef = 1862D6ED2A5E5BE800FB8AD8 /* FontStyleCollectionViewCell.swift */; };
		1862D6F72A5E5BE800FB8AD8 /* DisplayLabelView.swift in Sources */ = {isa = PBXBuildFile; fileRef = 1862D6EE2A5E5BE800FB8AD8 /* DisplayLabelView.swift */; };
		1862D6F82A5E5BE800FB8AD8 /* FontColorCollectionViewCell.xib in Resources */ = {isa = PBXBuildFile; fileRef = 1862D6EF2A5E5BE800FB8AD8 /* FontColorCollectionViewCell.xib */; };
		1862D6FA2A5E5FD400FB8AD8 /* ColorExtension.swift in Sources */ = {isa = PBXBuildFile; fileRef = 1862D6F92A5E5FD400FB8AD8 /* ColorExtension.swift */; };
		186DB27A2A41489600027809 /* VideoInfoView.xib in Resources */ = {isa = PBXBuildFile; fileRef = 186DB2792A41489600027809 /* VideoInfoView.xib */; };
		186DB27C2A4148D700027809 /* VideoInfoView.swift in Sources */ = {isa = PBXBuildFile; fileRef = 186DB27B2A4148D700027809 /* VideoInfoView.swift */; };
		186DB2812A41591B00027809 /* ShortVideoPlayerViewController.swift in Sources */ = {isa = PBXBuildFile; fileRef = 186DB27E2A41591B00027809 /* ShortVideoPlayerViewController.swift */; };
		186DB2822A41591B00027809 /* ShortVideoPlayerViewModel.swift in Sources */ = {isa = PBXBuildFile; fileRef = 186DB27F2A41591B00027809 /* ShortVideoPlayerViewModel.swift */; };
		186DB2832A41591B00027809 /* ShortVideoPlayerViewController.xib in Resources */ = {isa = PBXBuildFile; fileRef = 186DB2802A41591B00027809 /* ShortVideoPlayerViewController.xib */; };
		186E08E42A36C9D900FDDCB6 /* UploadVideoProgressbar.xib in Resources */ = {isa = PBXBuildFile; fileRef = 186E08E32A36C9D900FDDCB6 /* UploadVideoProgressbar.xib */; };
		186E08E62A36CB5400FDDCB6 /* UploadVideoProgressbar.swift in Sources */ = {isa = PBXBuildFile; fileRef = 186E08E52A36CB5400FDDCB6 /* UploadVideoProgressbar.swift */; };
		186E08EF2A36E2E800FDDCB6 /* EditShortVideoCoverCollectionViewCell.swift in Sources */ = {isa = PBXBuildFile; fileRef = 186E08ED2A36E2E800FDDCB6 /* EditShortVideoCoverCollectionViewCell.swift */; };
		186E08F02A36E2E800FDDCB6 /* EditShortVideoCoverCollectionViewCell.xib in Resources */ = {isa = PBXBuildFile; fileRef = 186E08EE2A36E2E800FDDCB6 /* EditShortVideoCoverCollectionViewCell.xib */; };
		1883C7F92A39816900A3B168 /* TestProgressBarViewController.swift in Sources */ = {isa = PBXBuildFile; fileRef = 1883C7F62A39816900A3B168 /* TestProgressBarViewController.swift */; };
		1883C7FA2A39816900A3B168 /* TestProgressBarViewModel.swift in Sources */ = {isa = PBXBuildFile; fileRef = 1883C7F72A39816900A3B168 /* TestProgressBarViewModel.swift */; };
		1883C7FB2A39816900A3B168 /* TestProgressBarViewController.xib in Resources */ = {isa = PBXBuildFile; fileRef = 1883C7F82A39816900A3B168 /* TestProgressBarViewController.xib */; };
		1883C7FF2A399AFE00A3B168 /* InitializeXibView.swift in Sources */ = {isa = PBXBuildFile; fileRef = 1883C7FE2A399AFE00A3B168 /* InitializeXibView.swift */; };
		1883C8062A39AC4C00A3B168 /* TabBarViewController.swift in Sources */ = {isa = PBXBuildFile; fileRef = 1883C8052A39AC4C00A3B168 /* TabBarViewController.swift */; };
		1883C80B2A3B031400A3B168 /* ShortVideoPostViewController.swift in Sources */ = {isa = PBXBuildFile; fileRef = 1883C8082A3B031300A3B168 /* ShortVideoPostViewController.swift */; };
		1883C80C2A3B031400A3B168 /* ShortVideoPostViewModel.swift in Sources */ = {isa = PBXBuildFile; fileRef = 1883C8092A3B031300A3B168 /* ShortVideoPostViewModel.swift */; };
		1883C80D2A3B031400A3B168 /* ShortVideoPostViewController.xib in Resources */ = {isa = PBXBuildFile; fileRef = 1883C80A2A3B031300A3B168 /* ShortVideoPostViewController.xib */; };
		1883C8102A3B039400A3B168 /* ShortVideoPostTableViewCell.swift in Sources */ = {isa = PBXBuildFile; fileRef = 1883C80E2A3B039400A3B168 /* ShortVideoPostTableViewCell.swift */; };
		1883C8112A3B039400A3B168 /* ShortVideoPostTableViewCell.xib in Resources */ = {isa = PBXBuildFile; fileRef = 1883C80F2A3B039400A3B168 /* ShortVideoPostTableViewCell.xib */; };
		1883C8142A3B09A900A3B168 /* ViewExtension.swift in Sources */ = {isa = PBXBuildFile; fileRef = 1883C8132A3B09A900A3B168 /* ViewExtension.swift */; };
		189B906A2A5D033900683325 /* ShortVideoPostViewController+VideoPlayer.swift in Sources */ = {isa = PBXBuildFile; fileRef = 189B90692A5D033900683325 /* ShortVideoPostViewController+VideoPlayer.swift */; };
		189B906C2A5D0B0700683325 /* ShortVideoPostViewController+CreatePostButton.swift in Sources */ = {isa = PBXBuildFile; fileRef = 189B906B2A5D0B0700683325 /* ShortVideoPostViewController+CreatePostButton.swift */; };
		189B90712A5D168900683325 /* StampLogoVideoViewController.swift in Sources */ = {isa = PBXBuildFile; fileRef = 189B906E2A5D168900683325 /* StampLogoVideoViewController.swift */; };
		189B90722A5D168900683325 /* StampLogoVideoViewModel.swift in Sources */ = {isa = PBXBuildFile; fileRef = 189B906F2A5D168900683325 /* StampLogoVideoViewModel.swift */; };
		189B90732A5D168900683325 /* StampLogoVideoViewController.xib in Resources */ = {isa = PBXBuildFile; fileRef = 189B90702A5D168900683325 /* StampLogoVideoViewController.xib */; };
		189B90752A5D38CE00683325 /* VideoPlayerExtension.swift in Sources */ = {isa = PBXBuildFile; fileRef = 189B90742A5D38CE00683325 /* VideoPlayerExtension.swift */; };
		18A04AA32A69345A00B5B3E6 /* UIImageExtension.swift in Sources */ = {isa = PBXBuildFile; fileRef = 18A04AA22A69345A00B5B3E6 /* UIImageExtension.swift */; };
		18B48A262A55232300EC2B8D /* CGRectExtension.swift in Sources */ = {isa = PBXBuildFile; fileRef = 18B48A252A55232300EC2B8D /* CGRectExtension.swift */; };
		18B4D9102A5BE26E00DE1728 /* CreatePostButtonView.xib in Resources */ = {isa = PBXBuildFile; fileRef = 18B4D90F2A5BE26E00DE1728 /* CreatePostButtonView.xib */; };
		18B4D9122A5BE28F00DE1728 /* CreatePostButtonView.swift in Sources */ = {isa = PBXBuildFile; fileRef = 18B4D9112A5BE28F00DE1728 /* CreatePostButtonView.swift */; };
		18C163AB2A30332400188D98 /* AppDelegate.swift in Sources */ = {isa = PBXBuildFile; fileRef = 18C163AA2A30332400188D98 /* AppDelegate.swift */; };
		18C163AD2A30332400188D98 /* SceneDelegate.swift in Sources */ = {isa = PBXBuildFile; fileRef = 18C163AC2A30332400188D98 /* SceneDelegate.swift */; };
		18C163AF2A30332400188D98 /* ViewController.swift in Sources */ = {isa = PBXBuildFile; fileRef = 18C163AE2A30332400188D98 /* ViewController.swift */; };
		18C163B22A30332400188D98 /* Main.storyboard in Resources */ = {isa = PBXBuildFile; fileRef = 18C163B02A30332400188D98 /* Main.storyboard */; };
		18C163B42A30332600188D98 /* Assets.xcassets in Resources */ = {isa = PBXBuildFile; fileRef = 18C163B32A30332600188D98 /* Assets.xcassets */; };
		18C163B72A30332600188D98 /* LaunchScreen.storyboard in Resources */ = {isa = PBXBuildFile; fileRef = 18C163B52A30332600188D98 /* LaunchScreen.storyboard */; };
		18C654282A4AD26200E3171C /* LeftAlignedFlowLayout.swift in Sources */ = {isa = PBXBuildFile; fileRef = 18C654272A4AD26200E3171C /* LeftAlignedFlowLayout.swift */; };
		18C6542A2A4AD5F700E3171C /* UICollectionViewExtension.swift in Sources */ = {isa = PBXBuildFile; fileRef = 18C654292A4AD5F700E3171C /* UICollectionViewExtension.swift */; };
		18C6542C2A4ADF8B00E3171C /* DateExtension.swift in Sources */ = {isa = PBXBuildFile; fileRef = 18C6542B2A4ADF8B00E3171C /* DateExtension.swift */; };
		18D89AC72A72236400A79E3F /* SettingsViewController.swift in Sources */ = {isa = PBXBuildFile; fileRef = 18D89AC42A72236400A79E3F /* SettingsViewController.swift */; };
		18D89AC82A72236400A79E3F /* SettingsViewModel.swift in Sources */ = {isa = PBXBuildFile; fileRef = 18D89AC52A72236400A79E3F /* SettingsViewModel.swift */; };
		18D89AC92A72236400A79E3F /* SettingsViewController.xib in Resources */ = {isa = PBXBuildFile; fileRef = 18D89AC62A72236400A79E3F /* SettingsViewController.xib */; };
		18D89ACE2A7246AE00A79E3F /* CreateMenuViewController.swift in Sources */ = {isa = PBXBuildFile; fileRef = 18D89ACB2A7246AE00A79E3F /* CreateMenuViewController.swift */; };
		18D89ACF2A7246AE00A79E3F /* CreateMenuViewModel.swift in Sources */ = {isa = PBXBuildFile; fileRef = 18D89ACC2A7246AE00A79E3F /* CreateMenuViewModel.swift */; };
		18D89AD02A7246AE00A79E3F /* CreateMenuViewController.xib in Resources */ = {isa = PBXBuildFile; fileRef = 18D89ACD2A7246AE00A79E3F /* CreateMenuViewController.xib */; };
		30981B7D3DC2F27CEFEF6212 /* Pods_ob_intern.framework in Frameworks */ = {isa = PBXBuildFile; fileRef = 722B11459BDA426B454507F2 /* Pods_ob_intern.framework */; };
/* End PBXBuildFile section */

/* Begin PBXFileReference section */
		180257492A3FF7750057E850 /* ProfileView.xib */ = {isa = PBXFileReference; lastKnownFileType = file.xib; path = ProfileView.xib; sourceTree = "<group>"; };
		1802574B2A3FF7A90057E850 /* ProfileView.swift */ = {isa = PBXFileReference; lastKnownFileType = sourcecode.swift; path = ProfileView.swift; sourceTree = "<group>"; };
		1802574D2A4000740057E850 /* LikeCommentView.xib */ = {isa = PBXFileReference; lastKnownFileType = file.xib; path = LikeCommentView.xib; sourceTree = "<group>"; };
		1802574F2A40007D0057E850 /* LikeCommentView.swift */ = {isa = PBXFileReference; lastKnownFileType = sourcecode.swift; path = LikeCommentView.swift; sourceTree = "<group>"; };
		1808CA342A317D6B009CA1EB /* CreateShortVideoViewController.swift */ = {isa = PBXFileReference; lastKnownFileType = sourcecode.swift; path = CreateShortVideoViewController.swift; sourceTree = "<group>"; };
		1808CA352A317D6B009CA1EB /* CreateShortVideoViewModel.swift */ = {isa = PBXFileReference; lastKnownFileType = sourcecode.swift; path = CreateShortVideoViewModel.swift; sourceTree = "<group>"; };
		1808CA362A317D6B009CA1EB /* CreateShortVideoViewController.xib */ = {isa = PBXFileReference; lastKnownFileType = file.xib; path = CreateShortVideoViewController.xib; sourceTree = "<group>"; };
		18173D022A7D0B91007499B5 /* AppIcon.storyboard */ = {isa = PBXFileReference; lastKnownFileType = file.storyboard; path = AppIcon.storyboard; sourceTree = "<group>"; };
		18259C692A331B9C0000CCA1 /* EditShortVideoCoverViewController.swift */ = {isa = PBXFileReference; lastKnownFileType = sourcecode.swift; path = EditShortVideoCoverViewController.swift; sourceTree = "<group>"; };
		18259C6A2A331B9C0000CCA1 /* EditShortVideoCoverModel.swift */ = {isa = PBXFileReference; lastKnownFileType = sourcecode.swift; path = EditShortVideoCoverModel.swift; sourceTree = "<group>"; };
		18259C6B2A331B9C0000CCA1 /* EditShortVideoCoverViewController.xib */ = {isa = PBXFileReference; lastKnownFileType = file.xib; path = EditShortVideoCoverViewController.xib; sourceTree = "<group>"; };
		1833D7662A32ED41006C5BF7 /* PaddingLabel.swift */ = {isa = PBXFileReference; lastKnownFileType = sourcecode.swift; path = PaddingLabel.swift; sourceTree = "<group>"; };
		1834CAD22A77768D003615A2 /* AppDirector.swift */ = {isa = PBXFileReference; lastKnownFileType = sourcecode.swift; path = AppDirector.swift; sourceTree = "<group>"; };
		183B27C12A303D6400448624 /* ShortVideoListViewController.swift */ = {isa = PBXFileReference; lastKnownFileType = sourcecode.swift; path = ShortVideoListViewController.swift; sourceTree = "<group>"; };
		183B27C22A303D6400448624 /* ShortVideoListViewModel.swift */ = {isa = PBXFileReference; lastKnownFileType = sourcecode.swift; path = ShortVideoListViewModel.swift; sourceTree = "<group>"; };
		183B27C32A303D6400448624 /* ShortVideoListViewController.xib */ = {isa = PBXFileReference; lastKnownFileType = file.xib; path = ShortVideoListViewController.xib; sourceTree = "<group>"; };
		183B27C72A30418600448624 /* ShortVideoListCollectionViewCell.swift */ = {isa = PBXFileReference; lastKnownFileType = sourcecode.swift; path = ShortVideoListCollectionViewCell.swift; sourceTree = "<group>"; };
		183B27C82A30418600448624 /* ShortVideoListCollectionViewCell.xib */ = {isa = PBXFileReference; lastKnownFileType = file.xib; path = ShortVideoListCollectionViewCell.xib; sourceTree = "<group>"; };
		183B27CC2A305AC700448624 /* ShortVideoList.swift */ = {isa = PBXFileReference; lastKnownFileType = sourcecode.swift; path = ShortVideoList.swift; sourceTree = "<group>"; };
		183B27CF2A3081E100448624 /* Collection.swift */ = {isa = PBXFileReference; lastKnownFileType = sourcecode.swift; path = Collection.swift; sourceTree = "<group>"; };
		1841C2092A70BC0B001F10A4 /* TextEditDragDropViewController.xib */ = {isa = PBXFileReference; lastKnownFileType = file.xib; path = TextEditDragDropViewController.xib; sourceTree = "<group>"; };
		18430B822A53DA7B001DB9CD /* ShortVideo.swift */ = {isa = PBXFileReference; lastKnownFileType = sourcecode.swift; path = ShortVideo.swift; sourceTree = "<group>"; };
		184918E12A5663DA000832B5 /* ShortVideoManager.swift */ = {isa = PBXFileReference; lastKnownFileType = sourcecode.swift; path = ShortVideoManager.swift; sourceTree = "<group>"; };
		184918EA2A56C20D000832B5 /* ProfileHeaderCollectionReusableView.swift */ = {isa = PBXFileReference; lastKnownFileType = sourcecode.swift; path = ProfileHeaderCollectionReusableView.swift; sourceTree = "<group>"; };
		184918EB2A56C20D000832B5 /* ProfileHeaderCollectionReusableView.xib */ = {isa = PBXFileReference; lastKnownFileType = file.xib; path = ProfileHeaderCollectionReusableView.xib; sourceTree = "<group>"; };
		1852BEDE2A4C1685001C930C /* ShortVideoPost.swift */ = {isa = PBXFileReference; lastKnownFileType = sourcecode.swift; path = ShortVideoPost.swift; sourceTree = "<group>"; };
		1852BEE02A4C1D4C001C930C /* User.swift */ = {isa = PBXFileReference; lastKnownFileType = sourcecode.swift; path = User.swift; sourceTree = "<group>"; };
		1852BEE32A4C2A3A001C930C /* RandomDate.swift */ = {isa = PBXFileReference; lastKnownFileType = sourcecode.swift; path = RandomDate.swift; sourceTree = "<group>"; };
		1852BEE52A4C3459001C930C /* DisplayHashTagCollectionViewCell.xib */ = {isa = PBXFileReference; fileEncoding = 4; lastKnownFileType = file.xib; path = DisplayHashTagCollectionViewCell.xib; sourceTree = "<group>"; };
		1852BEE72A4C3470001C930C /* DisplayHashTagCollectionViewCell.swift */ = {isa = PBXFileReference; fileEncoding = 4; lastKnownFileType = sourcecode.swift; path = DisplayHashTagCollectionViewCell.swift; sourceTree = "<group>"; };
		1852BEE92A4C34A5001C930C /* SocialPostHashTagView.swift */ = {isa = PBXFileReference; fileEncoding = 4; lastKnownFileType = sourcecode.swift; path = SocialPostHashTagView.swift; sourceTree = "<group>"; };
		1852BEEA2A4C34A5001C930C /* SocialPostHashTagView.xib */ = {isa = PBXFileReference; fileEncoding = 4; lastKnownFileType = file.xib; path = SocialPostHashTagView.xib; sourceTree = "<group>"; };
		1852BEEF2A4C3F09001C930C /* ButtonExtension.swift */ = {isa = PBXFileReference; lastKnownFileType = sourcecode.swift; path = ButtonExtension.swift; sourceTree = "<group>"; };
		1852BEF12A4D7610001C930C /* MediaModel.swift */ = {isa = PBXFileReference; lastKnownFileType = sourcecode.swift; path = MediaModel.swift; sourceTree = "<group>"; };
		1852BEF32A4D7D29001C930C /* ShortVDOService.swift */ = {isa = PBXFileReference; lastKnownFileType = sourcecode.swift; path = ShortVDOService.swift; sourceTree = "<group>"; };
		1862D6E72A5E5BE800FB8AD8 /* TextEditDragDropViewController+Gesture.swift */ = {isa = PBXFileReference; fileEncoding = 4; lastKnownFileType = sourcecode.swift; path = "TextEditDragDropViewController+Gesture.swift"; sourceTree = "<group>"; };
		1862D6E82A5E5BE800FB8AD8 /* TextEditDragDropViewController.swift */ = {isa = PBXFileReference; fileEncoding = 4; lastKnownFileType = sourcecode.swift; path = TextEditDragDropViewController.swift; sourceTree = "<group>"; };
		1862D6E92A5E5BE800FB8AD8 /* DisplayLabelView.xib */ = {isa = PBXFileReference; fileEncoding = 4; lastKnownFileType = file.xib; path = DisplayLabelView.xib; sourceTree = "<group>"; };
		1862D6EB2A5E5BE800FB8AD8 /* FontColorCollectionViewCell.swift */ = {isa = PBXFileReference; fileEncoding = 4; lastKnownFileType = sourcecode.swift; path = FontColorCollectionViewCell.swift; sourceTree = "<group>"; };
		1862D6EC2A5E5BE800FB8AD8 /* FontStyleCollectionViewCell.xib */ = {isa = PBXFileReference; fileEncoding = 4; lastKnownFileType = file.xib; path = FontStyleCollectionViewCell.xib; sourceTree = "<group>"; };
		1862D6ED2A5E5BE800FB8AD8 /* FontStyleCollectionViewCell.swift */ = {isa = PBXFileReference; fileEncoding = 4; lastKnownFileType = sourcecode.swift; path = FontStyleCollectionViewCell.swift; sourceTree = "<group>"; };
		1862D6EE2A5E5BE800FB8AD8 /* DisplayLabelView.swift */ = {isa = PBXFileReference; fileEncoding = 4; lastKnownFileType = sourcecode.swift; path = DisplayLabelView.swift; sourceTree = "<group>"; };
		1862D6EF2A5E5BE800FB8AD8 /* FontColorCollectionViewCell.xib */ = {isa = PBXFileReference; fileEncoding = 4; lastKnownFileType = file.xib; path = FontColorCollectionViewCell.xib; sourceTree = "<group>"; };
		1862D6F92A5E5FD400FB8AD8 /* ColorExtension.swift */ = {isa = PBXFileReference; lastKnownFileType = sourcecode.swift; path = ColorExtension.swift; sourceTree = "<group>"; };
		186DB2792A41489600027809 /* VideoInfoView.xib */ = {isa = PBXFileReference; lastKnownFileType = file.xib; path = VideoInfoView.xib; sourceTree = "<group>"; };
		186DB27B2A4148D700027809 /* VideoInfoView.swift */ = {isa = PBXFileReference; lastKnownFileType = sourcecode.swift; path = VideoInfoView.swift; sourceTree = "<group>"; };
		186DB27E2A41591B00027809 /* ShortVideoPlayerViewController.swift */ = {isa = PBXFileReference; lastKnownFileType = sourcecode.swift; path = ShortVideoPlayerViewController.swift; sourceTree = "<group>"; };
		186DB27F2A41591B00027809 /* ShortVideoPlayerViewModel.swift */ = {isa = PBXFileReference; lastKnownFileType = sourcecode.swift; path = ShortVideoPlayerViewModel.swift; sourceTree = "<group>"; };
		186DB2802A41591B00027809 /* ShortVideoPlayerViewController.xib */ = {isa = PBXFileReference; lastKnownFileType = file.xib; path = ShortVideoPlayerViewController.xib; sourceTree = "<group>"; };
		186E08E32A36C9D900FDDCB6 /* UploadVideoProgressbar.xib */ = {isa = PBXFileReference; lastKnownFileType = file.xib; path = UploadVideoProgressbar.xib; sourceTree = "<group>"; };
		186E08E52A36CB5400FDDCB6 /* UploadVideoProgressbar.swift */ = {isa = PBXFileReference; lastKnownFileType = sourcecode.swift; path = UploadVideoProgressbar.swift; sourceTree = "<group>"; };
		186E08ED2A36E2E800FDDCB6 /* EditShortVideoCoverCollectionViewCell.swift */ = {isa = PBXFileReference; lastKnownFileType = sourcecode.swift; path = EditShortVideoCoverCollectionViewCell.swift; sourceTree = "<group>"; };
		186E08EE2A36E2E800FDDCB6 /* EditShortVideoCoverCollectionViewCell.xib */ = {isa = PBXFileReference; lastKnownFileType = file.xib; path = EditShortVideoCoverCollectionViewCell.xib; sourceTree = "<group>"; };
		1883C7F62A39816900A3B168 /* TestProgressBarViewController.swift */ = {isa = PBXFileReference; lastKnownFileType = sourcecode.swift; path = TestProgressBarViewController.swift; sourceTree = "<group>"; };
		1883C7F72A39816900A3B168 /* TestProgressBarViewModel.swift */ = {isa = PBXFileReference; lastKnownFileType = sourcecode.swift; path = TestProgressBarViewModel.swift; sourceTree = "<group>"; };
		1883C7F82A39816900A3B168 /* TestProgressBarViewController.xib */ = {isa = PBXFileReference; lastKnownFileType = file.xib; path = TestProgressBarViewController.xib; sourceTree = "<group>"; };
		1883C7FE2A399AFE00A3B168 /* InitializeXibView.swift */ = {isa = PBXFileReference; lastKnownFileType = sourcecode.swift; path = InitializeXibView.swift; sourceTree = "<group>"; };
		1883C8052A39AC4C00A3B168 /* TabBarViewController.swift */ = {isa = PBXFileReference; lastKnownFileType = sourcecode.swift; path = TabBarViewController.swift; sourceTree = "<group>"; };
		1883C8082A3B031300A3B168 /* ShortVideoPostViewController.swift */ = {isa = PBXFileReference; lastKnownFileType = sourcecode.swift; path = ShortVideoPostViewController.swift; sourceTree = "<group>"; };
		1883C8092A3B031300A3B168 /* ShortVideoPostViewModel.swift */ = {isa = PBXFileReference; lastKnownFileType = sourcecode.swift; path = ShortVideoPostViewModel.swift; sourceTree = "<group>"; };
		1883C80A2A3B031300A3B168 /* ShortVideoPostViewController.xib */ = {isa = PBXFileReference; lastKnownFileType = file.xib; path = ShortVideoPostViewController.xib; sourceTree = "<group>"; };
		1883C80E2A3B039400A3B168 /* ShortVideoPostTableViewCell.swift */ = {isa = PBXFileReference; lastKnownFileType = sourcecode.swift; path = ShortVideoPostTableViewCell.swift; sourceTree = "<group>"; };
		1883C80F2A3B039400A3B168 /* ShortVideoPostTableViewCell.xib */ = {isa = PBXFileReference; lastKnownFileType = file.xib; path = ShortVideoPostTableViewCell.xib; sourceTree = "<group>"; };
		1883C8132A3B09A900A3B168 /* ViewExtension.swift */ = {isa = PBXFileReference; lastKnownFileType = sourcecode.swift; path = ViewExtension.swift; sourceTree = "<group>"; };
		189B90692A5D033900683325 /* ShortVideoPostViewController+VideoPlayer.swift */ = {isa = PBXFileReference; lastKnownFileType = sourcecode.swift; path = "ShortVideoPostViewController+VideoPlayer.swift"; sourceTree = "<group>"; };
		189B906B2A5D0B0700683325 /* ShortVideoPostViewController+CreatePostButton.swift */ = {isa = PBXFileReference; lastKnownFileType = sourcecode.swift; path = "ShortVideoPostViewController+CreatePostButton.swift"; sourceTree = "<group>"; };
		189B906E2A5D168900683325 /* StampLogoVideoViewController.swift */ = {isa = PBXFileReference; lastKnownFileType = sourcecode.swift; path = StampLogoVideoViewController.swift; sourceTree = "<group>"; };
		189B906F2A5D168900683325 /* StampLogoVideoViewModel.swift */ = {isa = PBXFileReference; lastKnownFileType = sourcecode.swift; path = StampLogoVideoViewModel.swift; sourceTree = "<group>"; };
		189B90702A5D168900683325 /* StampLogoVideoViewController.xib */ = {isa = PBXFileReference; lastKnownFileType = file.xib; path = StampLogoVideoViewController.xib; sourceTree = "<group>"; };
		189B90742A5D38CE00683325 /* VideoPlayerExtension.swift */ = {isa = PBXFileReference; lastKnownFileType = sourcecode.swift; path = VideoPlayerExtension.swift; sourceTree = "<group>"; };
		18A04AA22A69345A00B5B3E6 /* UIImageExtension.swift */ = {isa = PBXFileReference; lastKnownFileType = sourcecode.swift; path = UIImageExtension.swift; sourceTree = "<group>"; };
		18B48A252A55232300EC2B8D /* CGRectExtension.swift */ = {isa = PBXFileReference; lastKnownFileType = sourcecode.swift; path = CGRectExtension.swift; sourceTree = "<group>"; };
		18B4D90F2A5BE26E00DE1728 /* CreatePostButtonView.xib */ = {isa = PBXFileReference; lastKnownFileType = file.xib; path = CreatePostButtonView.xib; sourceTree = "<group>"; };
		18B4D9112A5BE28F00DE1728 /* CreatePostButtonView.swift */ = {isa = PBXFileReference; lastKnownFileType = sourcecode.swift; path = CreatePostButtonView.swift; sourceTree = "<group>"; };
		18C163A72A30332400188D98 /* ob_intern.app */ = {isa = PBXFileReference; explicitFileType = wrapper.application; includeInIndex = 0; path = ob_intern.app; sourceTree = BUILT_PRODUCTS_DIR; };
		18C163AA2A30332400188D98 /* AppDelegate.swift */ = {isa = PBXFileReference; lastKnownFileType = sourcecode.swift; path = AppDelegate.swift; sourceTree = "<group>"; };
		18C163AC2A30332400188D98 /* SceneDelegate.swift */ = {isa = PBXFileReference; lastKnownFileType = sourcecode.swift; path = SceneDelegate.swift; sourceTree = "<group>"; };
		18C163AE2A30332400188D98 /* ViewController.swift */ = {isa = PBXFileReference; lastKnownFileType = sourcecode.swift; path = ViewController.swift; sourceTree = "<group>"; };
		18C163B12A30332400188D98 /* Base */ = {isa = PBXFileReference; lastKnownFileType = file.storyboard; name = Base; path = Base.lproj/Main.storyboard; sourceTree = "<group>"; };
		18C163B32A30332600188D98 /* Assets.xcassets */ = {isa = PBXFileReference; lastKnownFileType = folder.assetcatalog; path = Assets.xcassets; sourceTree = "<group>"; };
		18C163B62A30332600188D98 /* Base */ = {isa = PBXFileReference; lastKnownFileType = file.storyboard; name = Base; path = Base.lproj/LaunchScreen.storyboard; sourceTree = "<group>"; };
		18C163B82A30332600188D98 /* Info.plist */ = {isa = PBXFileReference; lastKnownFileType = text.plist.xml; path = Info.plist; sourceTree = "<group>"; };
		18C654272A4AD26200E3171C /* LeftAlignedFlowLayout.swift */ = {isa = PBXFileReference; lastKnownFileType = sourcecode.swift; path = LeftAlignedFlowLayout.swift; sourceTree = "<group>"; };
		18C654292A4AD5F700E3171C /* UICollectionViewExtension.swift */ = {isa = PBXFileReference; lastKnownFileType = sourcecode.swift; path = UICollectionViewExtension.swift; sourceTree = "<group>"; };
		18C6542B2A4ADF8B00E3171C /* DateExtension.swift */ = {isa = PBXFileReference; lastKnownFileType = sourcecode.swift; path = DateExtension.swift; sourceTree = "<group>"; };
		18D89AC42A72236400A79E3F /* SettingsViewController.swift */ = {isa = PBXFileReference; lastKnownFileType = sourcecode.swift; path = SettingsViewController.swift; sourceTree = "<group>"; };
		18D89AC52A72236400A79E3F /* SettingsViewModel.swift */ = {isa = PBXFileReference; lastKnownFileType = sourcecode.swift; path = SettingsViewModel.swift; sourceTree = "<group>"; };
		18D89AC62A72236400A79E3F /* SettingsViewController.xib */ = {isa = PBXFileReference; lastKnownFileType = file.xib; path = SettingsViewController.xib; sourceTree = "<group>"; };
		18D89ACB2A7246AE00A79E3F /* CreateMenuViewController.swift */ = {isa = PBXFileReference; lastKnownFileType = sourcecode.swift; path = CreateMenuViewController.swift; sourceTree = "<group>"; };
		18D89ACC2A7246AE00A79E3F /* CreateMenuViewModel.swift */ = {isa = PBXFileReference; lastKnownFileType = sourcecode.swift; path = CreateMenuViewModel.swift; sourceTree = "<group>"; };
		18D89ACD2A7246AE00A79E3F /* CreateMenuViewController.xib */ = {isa = PBXFileReference; lastKnownFileType = file.xib; path = CreateMenuViewController.xib; sourceTree = "<group>"; };
		722B11459BDA426B454507F2 /* Pods_ob_intern.framework */ = {isa = PBXFileReference; explicitFileType = wrapper.framework; includeInIndex = 0; path = Pods_ob_intern.framework; sourceTree = BUILT_PRODUCTS_DIR; };
		A2891CAD7838F9872C169350 /* Pods-ob_intern.debug.xcconfig */ = {isa = PBXFileReference; includeInIndex = 1; lastKnownFileType = text.xcconfig; name = "Pods-ob_intern.debug.xcconfig"; path = "Target Support Files/Pods-ob_intern/Pods-ob_intern.debug.xcconfig"; sourceTree = "<group>"; };
		E45927E6BAB06AA9A3A56770 /* Pods-ob_intern.release.xcconfig */ = {isa = PBXFileReference; includeInIndex = 1; lastKnownFileType = text.xcconfig; name = "Pods-ob_intern.release.xcconfig"; path = "Target Support Files/Pods-ob_intern/Pods-ob_intern.release.xcconfig"; sourceTree = "<group>"; };
/* End PBXFileReference section */

/* Begin PBXFrameworksBuildPhase section */
		18C163A42A30332400188D98 /* Frameworks */ = {
			isa = PBXFrameworksBuildPhase;
			buildActionMask = 2147483647;
			files = (
				30981B7D3DC2F27CEFEF6212 /* Pods_ob_intern.framework in Frameworks */,
			);
			runOnlyForDeploymentPostprocessing = 0;
		};
/* End PBXFrameworksBuildPhase section */

/* Begin PBXGroup section */
		180257482A3FF70B0057E850 /* Custom View */ = {
			isa = PBXGroup;
			children = (
				180257492A3FF7750057E850 /* ProfileView.xib */,
				1802574B2A3FF7A90057E850 /* ProfileView.swift */,
				1802574D2A4000740057E850 /* LikeCommentView.xib */,
				1802574F2A40007D0057E850 /* LikeCommentView.swift */,
			);
			path = "Custom View";
			sourceTree = "<group>";
		};
		1808CA332A317D01009CA1EB /* Create Short Video */ = {
			isa = PBXGroup;
			children = (
				1808CA342A317D6B009CA1EB /* CreateShortVideoViewController.swift */,
				1808CA352A317D6B009CA1EB /* CreateShortVideoViewModel.swift */,
				1808CA362A317D6B009CA1EB /* CreateShortVideoViewController.xib */,
			);
			path = "Create Short Video";
			sourceTree = "<group>";
		};
		18259C682A331B5C0000CCA1 /* Edit Short Video Cover */ = {
			isa = PBXGroup;
			children = (
				186E08F12A36E2F700FDDCB6 /* cell */,
				18259C692A331B9C0000CCA1 /* EditShortVideoCoverViewController.swift */,
				18259C6A2A331B9C0000CCA1 /* EditShortVideoCoverModel.swift */,
				18259C6B2A331B9C0000CCA1 /* EditShortVideoCoverViewController.xib */,
			);
			path = "Edit Short Video Cover";
			sourceTree = "<group>";
		};
		1833D7652A32ED24006C5BF7 /* Custom View */ = {
			isa = PBXGroup;
			children = (
				18B4D90E2A5BE22A00DE1728 /* Create Post Button */,
				1852BEED2A4C3506001C930C /* Hashtag */,
				186DB2782A41481100027809 /* Video Info */,
				186E08E22A36C9C300FDDCB6 /* Progress Bar */,
			);
			path = "Custom View";
			sourceTree = "<group>";
		};
		183B27CB2A30448C00448624 /* cell */ = {
			isa = PBXGroup;
			children = (
				183B27C72A30418600448624 /* ShortVideoListCollectionViewCell.swift */,
				183B27C82A30418600448624 /* ShortVideoListCollectionViewCell.xib */,
			);
			path = cell;
			sourceTree = "<group>";
		};
		183B27CE2A3081C700448624 /* Extension */ = {
			isa = PBXGroup;
			children = (
				1833D7662A32ED41006C5BF7 /* PaddingLabel.swift */,
				183B27CF2A3081E100448624 /* Collection.swift */,
				1883C7FE2A399AFE00A3B168 /* InitializeXibView.swift */,
				1883C8132A3B09A900A3B168 /* ViewExtension.swift */,
				18C654272A4AD26200E3171C /* LeftAlignedFlowLayout.swift */,
				18C654292A4AD5F700E3171C /* UICollectionViewExtension.swift */,
				18C6542B2A4ADF8B00E3171C /* DateExtension.swift */,
				1852BEE32A4C2A3A001C930C /* RandomDate.swift */,
				1852BEEF2A4C3F09001C930C /* ButtonExtension.swift */,
				18B48A252A55232300EC2B8D /* CGRectExtension.swift */,
				189B90742A5D38CE00683325 /* VideoPlayerExtension.swift */,
				1862D6F92A5E5FD400FB8AD8 /* ColorExtension.swift */,
				18A04AA22A69345A00B5B3E6 /* UIImageExtension.swift */,
			);
			path = Extension;
			sourceTree = "<group>";
		};
		184918E92A56B983000832B5 /* header */ = {
			isa = PBXGroup;
			children = (
				184918EA2A56C20D000832B5 /* ProfileHeaderCollectionReusableView.swift */,
				184918EB2A56C20D000832B5 /* ProfileHeaderCollectionReusableView.xib */,
			);
			path = header;
			sourceTree = "<group>";
		};
		1852BEE22A4C1D66001C930C /* Model */ = {
			isa = PBXGroup;
			children = (
				183B27CC2A305AC700448624 /* ShortVideoList.swift */,
				1852BEDE2A4C1685001C930C /* ShortVideoPost.swift */,
				18430B822A53DA7B001DB9CD /* ShortVideo.swift */,
				1852BEE02A4C1D4C001C930C /* User.swift */,
				1852BEF12A4D7610001C930C /* MediaModel.swift */,
			);
			path = Model;
			sourceTree = "<group>";
		};
		1852BEED2A4C3506001C930C /* Hashtag */ = {
			isa = PBXGroup;
			children = (
				1852BEEE2A4C3519001C930C /* cell */,
				1852BEE92A4C34A5001C930C /* SocialPostHashTagView.swift */,
				1852BEEA2A4C34A5001C930C /* SocialPostHashTagView.xib */,
			);
			path = Hashtag;
			sourceTree = "<group>";
		};
		1852BEEE2A4C3519001C930C /* cell */ = {
			isa = PBXGroup;
			children = (
				1852BEE52A4C3459001C930C /* DisplayHashTagCollectionViewCell.xib */,
				1852BEE72A4C3470001C930C /* DisplayHashTagCollectionViewCell.swift */,
			);
			path = cell;
			sourceTree = "<group>";
		};
		1862D6E62A5E5BE800FB8AD8 /* TextEdit */ = {
			isa = PBXGroup;
			children = (
				1862D6E72A5E5BE800FB8AD8 /* TextEditDragDropViewController+Gesture.swift */,
				1862D6E82A5E5BE800FB8AD8 /* TextEditDragDropViewController.swift */,
				1841C2092A70BC0B001F10A4 /* TextEditDragDropViewController.xib */,
				1862D6E92A5E5BE800FB8AD8 /* DisplayLabelView.xib */,
				1862D6EB2A5E5BE800FB8AD8 /* FontColorCollectionViewCell.swift */,
				1862D6EC2A5E5BE800FB8AD8 /* FontStyleCollectionViewCell.xib */,
				1862D6ED2A5E5BE800FB8AD8 /* FontStyleCollectionViewCell.swift */,
				1862D6EE2A5E5BE800FB8AD8 /* DisplayLabelView.swift */,
				1862D6EF2A5E5BE800FB8AD8 /* FontColorCollectionViewCell.xib */,
			);
			path = TextEdit;
			sourceTree = "<group>";
		};
		186DB2782A41481100027809 /* Video Info */ = {
			isa = PBXGroup;
			children = (
				186DB2792A41489600027809 /* VideoInfoView.xib */,
				186DB27B2A4148D700027809 /* VideoInfoView.swift */,
			);
			path = "Video Info";
			sourceTree = "<group>";
		};
		186DB27D2A4158DC00027809 /* Short Video Player */ = {
			isa = PBXGroup;
			children = (
				186DB27E2A41591B00027809 /* ShortVideoPlayerViewController.swift */,
				186DB27F2A41591B00027809 /* ShortVideoPlayerViewModel.swift */,
				186DB2802A41591B00027809 /* ShortVideoPlayerViewController.xib */,
			);
			path = "Short Video Player";
			sourceTree = "<group>";
		};
		186E08E22A36C9C300FDDCB6 /* Progress Bar */ = {
			isa = PBXGroup;
			children = (
				1883C8002A39A9D100A3B168 /* TabBar */,
				186E08E32A36C9D900FDDCB6 /* UploadVideoProgressbar.xib */,
				186E08E52A36CB5400FDDCB6 /* UploadVideoProgressbar.swift */,
				1883C7F62A39816900A3B168 /* TestProgressBarViewController.swift */,
				1883C7F72A39816900A3B168 /* TestProgressBarViewModel.swift */,
				1883C7F82A39816900A3B168 /* TestProgressBarViewController.xib */,
			);
			path = "Progress Bar";
			sourceTree = "<group>";
		};
		186E08F12A36E2F700FDDCB6 /* cell */ = {
			isa = PBXGroup;
			children = (
				186E08ED2A36E2E800FDDCB6 /* EditShortVideoCoverCollectionViewCell.swift */,
				186E08EE2A36E2E800FDDCB6 /* EditShortVideoCoverCollectionViewCell.xib */,
			);
			path = cell;
			sourceTree = "<group>";
		};
		1883C8002A39A9D100A3B168 /* TabBar */ = {
			isa = PBXGroup;
			children = (
				1883C8052A39AC4C00A3B168 /* TabBarViewController.swift */,
			);
			path = TabBar;
			sourceTree = "<group>";
		};
		1883C8072A3B02F800A3B168 /* Short Video Post */ = {
			isa = PBXGroup;
			children = (
				180257482A3FF70B0057E850 /* Custom View */,
				1883C8122A3B03DE00A3B168 /* table cell */,
				1883C8082A3B031300A3B168 /* ShortVideoPostViewController.swift */,
				189B90692A5D033900683325 /* ShortVideoPostViewController+VideoPlayer.swift */,
				189B906B2A5D0B0700683325 /* ShortVideoPostViewController+CreatePostButton.swift */,
				1883C8092A3B031300A3B168 /* ShortVideoPostViewModel.swift */,
				1883C80A2A3B031300A3B168 /* ShortVideoPostViewController.xib */,
			);
			path = "Short Video Post";
			sourceTree = "<group>";
		};
		1883C8122A3B03DE00A3B168 /* table cell */ = {
			isa = PBXGroup;
			children = (
				1883C80E2A3B039400A3B168 /* ShortVideoPostTableViewCell.swift */,
				1883C80F2A3B039400A3B168 /* ShortVideoPostTableViewCell.xib */,
			);
			path = "table cell";
			sourceTree = "<group>";
		};
		189B906D2A5D161F00683325 /* Mask Video */ = {
			isa = PBXGroup;
			children = (
				189B906E2A5D168900683325 /* StampLogoVideoViewController.swift */,
				189B906F2A5D168900683325 /* StampLogoVideoViewModel.swift */,
				189B90702A5D168900683325 /* StampLogoVideoViewController.xib */,
			);
			path = "Mask Video";
			sourceTree = "<group>";
		};
		18B4D90E2A5BE22A00DE1728 /* Create Post Button */ = {
			isa = PBXGroup;
			children = (
				18B4D90F2A5BE26E00DE1728 /* CreatePostButtonView.xib */,
				18B4D9112A5BE28F00DE1728 /* CreatePostButtonView.swift */,
			);
			path = "Create Post Button";
			sourceTree = "<group>";
		};
		18C1639E2A30332400188D98 = {
			isa = PBXGroup;
			children = (
				18C163A92A30332400188D98 /* ob_intern */,
				18C163A82A30332400188D98 /* Products */,
				50B42A8B2DA1FF081A14875D /* Pods */,
				63D1B1D8A4ACF827194E5A0D /* Frameworks */,
			);
			sourceTree = "<group>";
		};
		18C163A82A30332400188D98 /* Products */ = {
			isa = PBXGroup;
			children = (
				18C163A72A30332400188D98 /* ob_intern.app */,
			);
			name = Products;
			sourceTree = "<group>";
		};
		18C163A92A30332400188D98 /* ob_intern */ = {
			isa = PBXGroup;
			children = (
				1852BEF32A4D7D29001C930C /* ShortVDOService.swift */,
				184918E12A5663DA000832B5 /* ShortVideoManager.swift */,
				1834CAD22A77768D003615A2 /* AppDirector.swift */,
				18173D022A7D0B91007499B5 /* AppIcon.storyboard */,
				1852BEE22A4C1D66001C930C /* Model */,
				1833D7652A32ED24006C5BF7 /* Custom View */,
				183B27CE2A3081C700448624 /* Extension */,
				18C163BE2A30394D00188D98 /* Controller */,
				18C163AA2A30332400188D98 /* AppDelegate.swift */,
				18C163AC2A30332400188D98 /* SceneDelegate.swift */,
				18C163AE2A30332400188D98 /* ViewController.swift */,
				18C163B02A30332400188D98 /* Main.storyboard */,
				18C163B32A30332600188D98 /* Assets.xcassets */,
				18C163B52A30332600188D98 /* LaunchScreen.storyboard */,
				18C163B82A30332600188D98 /* Info.plist */,
			);
			path = ob_intern;
			sourceTree = "<group>";
		};
		18C163BE2A30394D00188D98 /* Controller */ = {
			isa = PBXGroup;
			children = (
				18D89ACA2A72469D00A79E3F /* Create Menu */,
				18D89AC32A72235000A79E3F /* Settings */,
				1862D6E62A5E5BE800FB8AD8 /* TextEdit */,
				189B906D2A5D161F00683325 /* Mask Video */,
				186DB27D2A4158DC00027809 /* Short Video Player */,
				1883C8072A3B02F800A3B168 /* Short Video Post */,
				18259C682A331B5C0000CCA1 /* Edit Short Video Cover */,
				1808CA332A317D01009CA1EB /* Create Short Video */,
				18C163BF2A30395E00188D98 /* Short Video List */,
			);
			path = Controller;
			sourceTree = "<group>";
		};
		18C163BF2A30395E00188D98 /* Short Video List */ = {
			isa = PBXGroup;
			children = (
				184918E92A56B983000832B5 /* header */,
				183B27CB2A30448C00448624 /* cell */,
				183B27C12A303D6400448624 /* ShortVideoListViewController.swift */,
				183B27C22A303D6400448624 /* ShortVideoListViewModel.swift */,
				183B27C32A303D6400448624 /* ShortVideoListViewController.xib */,
			);
			path = "Short Video List";
			sourceTree = "<group>";
		};
		18D89AC32A72235000A79E3F /* Settings */ = {
			isa = PBXGroup;
			children = (
				18D89AC42A72236400A79E3F /* SettingsViewController.swift */,
				18D89AC52A72236400A79E3F /* SettingsViewModel.swift */,
				18D89AC62A72236400A79E3F /* SettingsViewController.xib */,
			);
			path = Settings;
			sourceTree = "<group>";
		};
		18D89ACA2A72469D00A79E3F /* Create Menu */ = {
			isa = PBXGroup;
			children = (
				18D89ACB2A7246AE00A79E3F /* CreateMenuViewController.swift */,
				18D89ACC2A7246AE00A79E3F /* CreateMenuViewModel.swift */,
				18D89ACD2A7246AE00A79E3F /* CreateMenuViewController.xib */,
			);
			path = "Create Menu";
			sourceTree = "<group>";
		};
		50B42A8B2DA1FF081A14875D /* Pods */ = {
			isa = PBXGroup;
			children = (
				A2891CAD7838F9872C169350 /* Pods-ob_intern.debug.xcconfig */,
				E45927E6BAB06AA9A3A56770 /* Pods-ob_intern.release.xcconfig */,
			);
			path = Pods;
			sourceTree = "<group>";
		};
		63D1B1D8A4ACF827194E5A0D /* Frameworks */ = {
			isa = PBXGroup;
			children = (
				722B11459BDA426B454507F2 /* Pods_ob_intern.framework */,
			);
			name = Frameworks;
			sourceTree = "<group>";
		};
/* End PBXGroup section */

/* Begin PBXNativeTarget section */
		18C163A62A30332400188D98 /* ob_intern */ = {
			isa = PBXNativeTarget;
			buildConfigurationList = 18C163BB2A30332600188D98 /* Build configuration list for PBXNativeTarget "ob_intern" */;
			buildPhases = (
				04589B316C77F8D83DD03E49 /* [CP] Check Pods Manifest.lock */,
				18C163A32A30332400188D98 /* Sources */,
				18C163A42A30332400188D98 /* Frameworks */,
				18C163A52A30332400188D98 /* Resources */,
				655BADAEBB5751B6F50FC663 /* [CP] Embed Pods Frameworks */,
			);
			buildRules = (
			);
			dependencies = (
			);
			name = ob_intern;
			productName = ob_intern;
			productReference = 18C163A72A30332400188D98 /* ob_intern.app */;
			productType = "com.apple.product-type.application";
		};
/* End PBXNativeTarget section */

/* Begin PBXProject section */
		18C1639F2A30332400188D98 /* Project object */ = {
			isa = PBXProject;
			attributes = {
				BuildIndependentTargetsInParallel = 1;
				LastSwiftUpdateCheck = 1430;
				LastUpgradeCheck = 1430;
				TargetAttributes = {
					18C163A62A30332400188D98 = {
						CreatedOnToolsVersion = 14.3.1;
					};
				};
			};
			buildConfigurationList = 18C163A22A30332400188D98 /* Build configuration list for PBXProject "ob_intern" */;
			compatibilityVersion = "Xcode 14.0";
			developmentRegion = en;
			hasScannedForEncodings = 0;
			knownRegions = (
				en,
				Base,
			);
			mainGroup = 18C1639E2A30332400188D98;
			productRefGroup = 18C163A82A30332400188D98 /* Products */;
			projectDirPath = "";
			projectRoot = "";
			targets = (
				18C163A62A30332400188D98 /* ob_intern */,
			);
		};
/* End PBXProject section */

/* Begin PBXResourcesBuildPhase section */
		18C163A52A30332400188D98 /* Resources */ = {
			isa = PBXResourcesBuildPhase;
			buildActionMask = 2147483647;
			files = (
				1883C8112A3B039400A3B168 /* ShortVideoPostTableViewCell.xib in Resources */,
				18C163B72A30332600188D98 /* LaunchScreen.storyboard in Resources */,
				1808CA392A317D6B009CA1EB /* CreateShortVideoViewController.xib in Resources */,
				186E08F02A36E2E800FDDCB6 /* EditShortVideoCoverCollectionViewCell.xib in Resources */,
				189B90732A5D168900683325 /* StampLogoVideoViewController.xib in Resources */,
				1802574E2A4000740057E850 /* LikeCommentView.xib in Resources */,
				186DB27A2A41489600027809 /* VideoInfoView.xib in Resources */,
				1862D6F52A5E5BE800FB8AD8 /* FontStyleCollectionViewCell.xib in Resources */,
				18B4D9102A5BE26E00DE1728 /* CreatePostButtonView.xib in Resources */,
				1862D6F22A5E5BE800FB8AD8 /* DisplayLabelView.xib in Resources */,
				186E08E42A36C9D900FDDCB6 /* UploadVideoProgressbar.xib in Resources */,
				18C163B42A30332600188D98 /* Assets.xcassets in Resources */,
				1862D6F82A5E5BE800FB8AD8 /* FontColorCollectionViewCell.xib in Resources */,
				18D89AD02A7246AE00A79E3F /* CreateMenuViewController.xib in Resources */,
				18D89AC92A72236400A79E3F /* SettingsViewController.xib in Resources */,
				18173D032A7D0B91007499B5 /* AppIcon.storyboard in Resources */,
				184918ED2A56C20D000832B5 /* ProfileHeaderCollectionReusableView.xib in Resources */,
				183B27C62A303D6400448624 /* ShortVideoListViewController.xib in Resources */,
				1841C20B2A70CC3F001F10A4 /* TextEditDragDropViewController.xib in Resources */,
				1883C80D2A3B031400A3B168 /* ShortVideoPostViewController.xib in Resources */,
				1852BEE62A4C3459001C930C /* DisplayHashTagCollectionViewCell.xib in Resources */,
				1802574A2A3FF7750057E850 /* ProfileView.xib in Resources */,
				18C163B22A30332400188D98 /* Main.storyboard in Resources */,
				183B27CA2A30418600448624 /* ShortVideoListCollectionViewCell.xib in Resources */,
				18259C6E2A331B9C0000CCA1 /* EditShortVideoCoverViewController.xib in Resources */,
				186DB2832A41591B00027809 /* ShortVideoPlayerViewController.xib in Resources */,
				1852BEEC2A4C34A5001C930C /* SocialPostHashTagView.xib in Resources */,
				1883C7FB2A39816900A3B168 /* TestProgressBarViewController.xib in Resources */,
			);
			runOnlyForDeploymentPostprocessing = 0;
		};
/* End PBXResourcesBuildPhase section */

/* Begin PBXShellScriptBuildPhase section */
		04589B316C77F8D83DD03E49 /* [CP] Check Pods Manifest.lock */ = {
			isa = PBXShellScriptBuildPhase;
			buildActionMask = 2147483647;
			files = (
			);
			inputFileListPaths = (
			);
			inputPaths = (
				"${PODS_PODFILE_DIR_PATH}/Podfile.lock",
				"${PODS_ROOT}/Manifest.lock",
			);
			name = "[CP] Check Pods Manifest.lock";
			outputFileListPaths = (
			);
			outputPaths = (
				"$(DERIVED_FILE_DIR)/Pods-ob_intern-checkManifestLockResult.txt",
			);
			runOnlyForDeploymentPostprocessing = 0;
			shellPath = /bin/sh;
			shellScript = "diff \"${PODS_PODFILE_DIR_PATH}/Podfile.lock\" \"${PODS_ROOT}/Manifest.lock\" > /dev/null\nif [ $? != 0 ] ; then\n    # print error to STDERR\n    echo \"error: The sandbox is not in sync with the Podfile.lock. Run 'pod install' or update your CocoaPods installation.\" >&2\n    exit 1\nfi\n# This output is used by Xcode 'outputs' to avoid re-running this script phase.\necho \"SUCCESS\" > \"${SCRIPT_OUTPUT_FILE_0}\"\n";
			showEnvVarsInLog = 0;
		};
		655BADAEBB5751B6F50FC663 /* [CP] Embed Pods Frameworks */ = {
			isa = PBXShellScriptBuildPhase;
			buildActionMask = 2147483647;
			files = (
			);
			inputFileListPaths = (
				"${PODS_ROOT}/Target Support Files/Pods-ob_intern/Pods-ob_intern-frameworks-${CONFIGURATION}-input-files.xcfilelist",
			);
			name = "[CP] Embed Pods Frameworks";
			outputFileListPaths = (
				"${PODS_ROOT}/Target Support Files/Pods-ob_intern/Pods-ob_intern-frameworks-${CONFIGURATION}-output-files.xcfilelist",
			);
			runOnlyForDeploymentPostprocessing = 0;
			shellPath = /bin/sh;
			shellScript = "\"${PODS_ROOT}/Target Support Files/Pods-ob_intern/Pods-ob_intern-frameworks.sh\"\n";
			showEnvVarsInLog = 0;
		};
/* End PBXShellScriptBuildPhase section */

/* Begin PBXSourcesBuildPhase section */
		18C163A32A30332400188D98 /* Sources */ = {
			isa = PBXSourcesBuildPhase;
			buildActionMask = 2147483647;
			files = (
				18D89ACE2A7246AE00A79E3F /* CreateMenuViewController.swift in Sources */,
				1862D6F02A5E5BE800FB8AD8 /* TextEditDragDropViewController+Gesture.swift in Sources */,
				186DB27C2A4148D700027809 /* VideoInfoView.swift in Sources */,
				18C6542C2A4ADF8B00E3171C /* DateExtension.swift in Sources */,
				18C163AF2A30332400188D98 /* ViewController.swift in Sources */,
				18B48A262A55232300EC2B8D /* CGRectExtension.swift in Sources */,
				18D89AC72A72236400A79E3F /* SettingsViewController.swift in Sources */,
				1802574C2A3FF7A90057E850 /* ProfileView.swift in Sources */,
				1883C80B2A3B031400A3B168 /* ShortVideoPostViewController.swift in Sources */,
				18D89ACF2A7246AE00A79E3F /* CreateMenuViewModel.swift in Sources */,
				18C163AB2A30332400188D98 /* AppDelegate.swift in Sources */,
				1852BEE42A4C2A3A001C930C /* RandomDate.swift in Sources */,
				1862D6FA2A5E5FD400FB8AD8 /* ColorExtension.swift in Sources */,
				18259C6D2A331B9C0000CCA1 /* EditShortVideoCoverModel.swift in Sources */,
				186DB2822A41591B00027809 /* ShortVideoPlayerViewModel.swift in Sources */,
				183B27C92A30418600448624 /* ShortVideoListCollectionViewCell.swift in Sources */,
				18C163AD2A30332400188D98 /* SceneDelegate.swift in Sources */,
				183B27C52A303D6400448624 /* ShortVideoListViewModel.swift in Sources */,
				1883C8142A3B09A900A3B168 /* ViewExtension.swift in Sources */,
				18C654282A4AD26200E3171C /* LeftAlignedFlowLayout.swift in Sources */,
				1852BEE12A4C1D4C001C930C /* User.swift in Sources */,
				18C6542A2A4AD5F700E3171C /* UICollectionViewExtension.swift in Sources */,
				189B90722A5D168900683325 /* StampLogoVideoViewModel.swift in Sources */,
				1862D6F42A5E5BE800FB8AD8 /* FontColorCollectionViewCell.swift in Sources */,
				189B906C2A5D0B0700683325 /* ShortVideoPostViewController+CreatePostButton.swift in Sources */,
				1834CAD32A77768D003615A2 /* AppDirector.swift in Sources */,
				183B27CD2A305AC700448624 /* ShortVideoList.swift in Sources */,
				18A04AA32A69345A00B5B3E6 /* UIImageExtension.swift in Sources */,
				183B27C42A303D6400448624 /* ShortVideoListViewController.swift in Sources */,
				1808CA382A317D6B009CA1EB /* CreateShortVideoViewModel.swift in Sources */,
				1808CA372A317D6B009CA1EB /* CreateShortVideoViewController.swift in Sources */,
				1852BEDF2A4C1685001C930C /* ShortVideoPost.swift in Sources */,
				18B4D9122A5BE28F00DE1728 /* CreatePostButtonView.swift in Sources */,
				1883C7FA2A39816900A3B168 /* TestProgressBarViewModel.swift in Sources */,
				1852BEF42A4D7D29001C930C /* ShortVDOService.swift in Sources */,
				18430B832A53DA7B001DB9CD /* ShortVideo.swift in Sources */,
				1852BEF02A4C3F09001C930C /* ButtonExtension.swift in Sources */,
				186E08EF2A36E2E800FDDCB6 /* EditShortVideoCoverCollectionViewCell.swift in Sources */,
				184918EC2A56C20D000832B5 /* ProfileHeaderCollectionReusableView.swift in Sources */,
				184918E22A5663DA000832B5 /* ShortVideoManager.swift in Sources */,
				1862D6F72A5E5BE800FB8AD8 /* DisplayLabelView.swift in Sources */,
				183B27D02A3081E100448624 /* Collection.swift in Sources */,
				186DB2812A41591B00027809 /* ShortVideoPlayerViewController.swift in Sources */,
				1883C8102A3B039400A3B168 /* ShortVideoPostTableViewCell.swift in Sources */,
				1883C8062A39AC4C00A3B168 /* TabBarViewController.swift in Sources */,
				1852BEE82A4C3470001C930C /* DisplayHashTagCollectionViewCell.swift in Sources */,
				180257502A40007D0057E850 /* LikeCommentView.swift in Sources */,
				186E08E62A36CB5400FDDCB6 /* UploadVideoProgressbar.swift in Sources */,
				18D89AC82A72236400A79E3F /* SettingsViewModel.swift in Sources */,
				1883C7FF2A399AFE00A3B168 /* InitializeXibView.swift in Sources */,
				1833D7672A32ED41006C5BF7 /* PaddingLabel.swift in Sources */,
				189B906A2A5D033900683325 /* ShortVideoPostViewController+VideoPlayer.swift in Sources */,
				1862D6F12A5E5BE800FB8AD8 /* TextEditDragDropViewController.swift in Sources */,
				18259C6C2A331B9C0000CCA1 /* EditShortVideoCoverViewController.swift in Sources */,
				1852BEF22A4D7610001C930C /* MediaModel.swift in Sources */,
				189B90752A5D38CE00683325 /* VideoPlayerExtension.swift in Sources */,
				1883C80C2A3B031400A3B168 /* ShortVideoPostViewModel.swift in Sources */,
				189B90712A5D168900683325 /* StampLogoVideoViewController.swift in Sources */,
				1862D6F62A5E5BE800FB8AD8 /* FontStyleCollectionViewCell.swift in Sources */,
				1852BEEB2A4C34A5001C930C /* SocialPostHashTagView.swift in Sources */,
				1883C7F92A39816900A3B168 /* TestProgressBarViewController.swift in Sources */,
			);
			runOnlyForDeploymentPostprocessing = 0;
		};
/* End PBXSourcesBuildPhase section */

/* Begin PBXVariantGroup section */
		18C163B02A30332400188D98 /* Main.storyboard */ = {
			isa = PBXVariantGroup;
			children = (
				18C163B12A30332400188D98 /* Base */,
			);
			name = Main.storyboard;
			sourceTree = "<group>";
		};
		18C163B52A30332600188D98 /* LaunchScreen.storyboard */ = {
			isa = PBXVariantGroup;
			children = (
				18C163B62A30332600188D98 /* Base */,
			);
			name = LaunchScreen.storyboard;
			sourceTree = "<group>";
		};
/* End PBXVariantGroup section */

/* Begin XCBuildConfiguration section */
		18C163B92A30332600188D98 /* Debug */ = {
			isa = XCBuildConfiguration;
			buildSettings = {
				ALWAYS_SEARCH_USER_PATHS = NO;
				CLANG_ANALYZER_NONNULL = YES;
				CLANG_ANALYZER_NUMBER_OBJECT_CONVERSION = YES_AGGRESSIVE;
				CLANG_CXX_LANGUAGE_STANDARD = "gnu++20";
				CLANG_ENABLE_MODULES = YES;
				CLANG_ENABLE_OBJC_ARC = YES;
				CLANG_ENABLE_OBJC_WEAK = YES;
				CLANG_WARN_BLOCK_CAPTURE_AUTORELEASING = YES;
				CLANG_WARN_BOOL_CONVERSION = YES;
				CLANG_WARN_COMMA = YES;
				CLANG_WARN_CONSTANT_CONVERSION = YES;
				CLANG_WARN_DEPRECATED_OBJC_IMPLEMENTATIONS = YES;
				CLANG_WARN_DIRECT_OBJC_ISA_USAGE = YES_ERROR;
				CLANG_WARN_DOCUMENTATION_COMMENTS = YES;
				CLANG_WARN_EMPTY_BODY = YES;
				CLANG_WARN_ENUM_CONVERSION = YES;
				CLANG_WARN_INFINITE_RECURSION = YES;
				CLANG_WARN_INT_CONVERSION = YES;
				CLANG_WARN_NON_LITERAL_NULL_CONVERSION = YES;
				CLANG_WARN_OBJC_IMPLICIT_RETAIN_SELF = YES;
				CLANG_WARN_OBJC_LITERAL_CONVERSION = YES;
				CLANG_WARN_OBJC_ROOT_CLASS = YES_ERROR;
				CLANG_WARN_QUOTED_INCLUDE_IN_FRAMEWORK_HEADER = YES;
				CLANG_WARN_RANGE_LOOP_ANALYSIS = YES;
				CLANG_WARN_STRICT_PROTOTYPES = YES;
				CLANG_WARN_SUSPICIOUS_MOVE = YES;
				CLANG_WARN_UNGUARDED_AVAILABILITY = YES_AGGRESSIVE;
				CLANG_WARN_UNREACHABLE_CODE = YES;
				CLANG_WARN__DUPLICATE_METHOD_MATCH = YES;
				COPY_PHASE_STRIP = NO;
				DEBUG_INFORMATION_FORMAT = dwarf;
				ENABLE_STRICT_OBJC_MSGSEND = YES;
				ENABLE_TESTABILITY = YES;
				GCC_C_LANGUAGE_STANDARD = gnu11;
				GCC_DYNAMIC_NO_PIC = NO;
				GCC_NO_COMMON_BLOCKS = YES;
				GCC_OPTIMIZATION_LEVEL = 0;
				GCC_PREPROCESSOR_DEFINITIONS = (
					"DEBUG=1",
					"$(inherited)",
				);
				GCC_WARN_64_TO_32_BIT_CONVERSION = YES;
				GCC_WARN_ABOUT_RETURN_TYPE = YES_ERROR;
				GCC_WARN_UNDECLARED_SELECTOR = YES;
				GCC_WARN_UNINITIALIZED_AUTOS = YES_AGGRESSIVE;
				GCC_WARN_UNUSED_FUNCTION = YES;
				GCC_WARN_UNUSED_VARIABLE = YES;
				IPHONEOS_DEPLOYMENT_TARGET = 16.4;
				MTL_ENABLE_DEBUG_INFO = INCLUDE_SOURCE;
				MTL_FAST_MATH = YES;
				ONLY_ACTIVE_ARCH = YES;
				SDKROOT = iphoneos;
				SWIFT_ACTIVE_COMPILATION_CONDITIONS = DEBUG;
				SWIFT_OPTIMIZATION_LEVEL = "-Onone";
			};
			name = Debug;
		};
		18C163BA2A30332600188D98 /* Release */ = {
			isa = XCBuildConfiguration;
			buildSettings = {
				ALWAYS_SEARCH_USER_PATHS = NO;
				CLANG_ANALYZER_NONNULL = YES;
				CLANG_ANALYZER_NUMBER_OBJECT_CONVERSION = YES_AGGRESSIVE;
				CLANG_CXX_LANGUAGE_STANDARD = "gnu++20";
				CLANG_ENABLE_MODULES = YES;
				CLANG_ENABLE_OBJC_ARC = YES;
				CLANG_ENABLE_OBJC_WEAK = YES;
				CLANG_WARN_BLOCK_CAPTURE_AUTORELEASING = YES;
				CLANG_WARN_BOOL_CONVERSION = YES;
				CLANG_WARN_COMMA = YES;
				CLANG_WARN_CONSTANT_CONVERSION = YES;
				CLANG_WARN_DEPRECATED_OBJC_IMPLEMENTATIONS = YES;
				CLANG_WARN_DIRECT_OBJC_ISA_USAGE = YES_ERROR;
				CLANG_WARN_DOCUMENTATION_COMMENTS = YES;
				CLANG_WARN_EMPTY_BODY = YES;
				CLANG_WARN_ENUM_CONVERSION = YES;
				CLANG_WARN_INFINITE_RECURSION = YES;
				CLANG_WARN_INT_CONVERSION = YES;
				CLANG_WARN_NON_LITERAL_NULL_CONVERSION = YES;
				CLANG_WARN_OBJC_IMPLICIT_RETAIN_SELF = YES;
				CLANG_WARN_OBJC_LITERAL_CONVERSION = YES;
				CLANG_WARN_OBJC_ROOT_CLASS = YES_ERROR;
				CLANG_WARN_QUOTED_INCLUDE_IN_FRAMEWORK_HEADER = YES;
				CLANG_WARN_RANGE_LOOP_ANALYSIS = YES;
				CLANG_WARN_STRICT_PROTOTYPES = YES;
				CLANG_WARN_SUSPICIOUS_MOVE = YES;
				CLANG_WARN_UNGUARDED_AVAILABILITY = YES_AGGRESSIVE;
				CLANG_WARN_UNREACHABLE_CODE = YES;
				CLANG_WARN__DUPLICATE_METHOD_MATCH = YES;
				COPY_PHASE_STRIP = NO;
				DEBUG_INFORMATION_FORMAT = "dwarf-with-dsym";
				ENABLE_NS_ASSERTIONS = NO;
				ENABLE_STRICT_OBJC_MSGSEND = YES;
				GCC_C_LANGUAGE_STANDARD = gnu11;
				GCC_NO_COMMON_BLOCKS = YES;
				GCC_WARN_64_TO_32_BIT_CONVERSION = YES;
				GCC_WARN_ABOUT_RETURN_TYPE = YES_ERROR;
				GCC_WARN_UNDECLARED_SELECTOR = YES;
				GCC_WARN_UNINITIALIZED_AUTOS = YES_AGGRESSIVE;
				GCC_WARN_UNUSED_FUNCTION = YES;
				GCC_WARN_UNUSED_VARIABLE = YES;
				IPHONEOS_DEPLOYMENT_TARGET = 16.4;
				MTL_ENABLE_DEBUG_INFO = NO;
				MTL_FAST_MATH = YES;
				SDKROOT = iphoneos;
				SWIFT_COMPILATION_MODE = wholemodule;
				SWIFT_OPTIMIZATION_LEVEL = "-O";
				VALIDATE_PRODUCT = YES;
			};
			name = Release;
		};
		18C163BC2A30332600188D98 /* Debug */ = {
			isa = XCBuildConfiguration;
			baseConfigurationReference = A2891CAD7838F9872C169350 /* Pods-ob_intern.debug.xcconfig */;
			buildSettings = {
				ASSETCATALOG_COMPILER_APPICON_NAME = AppIcon;
				ASSETCATALOG_COMPILER_GLOBAL_ACCENT_COLOR_NAME = AccentColor;
				CODE_SIGN_STYLE = Automatic;
				CURRENT_PROJECT_VERSION = 1;
				DEVELOPMENT_TEAM = YTC85R9RQU;
				GENERATE_INFOPLIST_FILE = YES;
				INFOPLIST_FILE = ob_intern/Info.plist;
				INFOPLIST_KEY_NSCameraUsageDescription = "Allow access to camera";
				INFOPLIST_KEY_NSMicrophoneUsageDescription = "Allow access to microphone";
				INFOPLIST_KEY_NSPhotoLibraryUsageDescription = "Allow access to photo library";
				INFOPLIST_KEY_UIApplicationSupportsIndirectInputEvents = YES;
				INFOPLIST_KEY_UILaunchStoryboardName = "";
				INFOPLIST_KEY_UIMainStoryboardFile = Main;
				INFOPLIST_KEY_UISupportedInterfaceOrientations = UIInterfaceOrientationPortrait;
				INFOPLIST_KEY_UIUserInterfaceStyle = Light;
				IPHONEOS_DEPLOYMENT_TARGET = 15.0;
				LD_RUNPATH_SEARCH_PATHS = (
					"$(inherited)",
					"@executable_path/Frameworks",
				);
				MARKETING_VERSION = 1.0;
				PRODUCT_BUNDLE_IDENTIFIER = "com.soft.ob-intern";
				PRODUCT_NAME = "$(TARGET_NAME)";
				SWIFT_EMIT_LOC_STRINGS = YES;
				SWIFT_VERSION = 5.0;
				TARGETED_DEVICE_FAMILY = "1,2";
			};
			name = Debug;
		};
		18C163BD2A30332600188D98 /* Release */ = {
			isa = XCBuildConfiguration;
			baseConfigurationReference = E45927E6BAB06AA9A3A56770 /* Pods-ob_intern.release.xcconfig */;
			buildSettings = {
				ASSETCATALOG_COMPILER_APPICON_NAME = AppIcon;
				ASSETCATALOG_COMPILER_GLOBAL_ACCENT_COLOR_NAME = AccentColor;
				CODE_SIGN_STYLE = Automatic;
				CURRENT_PROJECT_VERSION = 1;
				DEVELOPMENT_TEAM = YTC85R9RQU;
				GENERATE_INFOPLIST_FILE = YES;
				INFOPLIST_FILE = ob_intern/Info.plist;
				INFOPLIST_KEY_NSCameraUsageDescription = "Allow access to camera";
				INFOPLIST_KEY_NSMicrophoneUsageDescription = "Allow access to microphone";
				INFOPLIST_KEY_NSPhotoLibraryUsageDescription = "Allow access to photo library";
				INFOPLIST_KEY_UIApplicationSupportsIndirectInputEvents = YES;
				INFOPLIST_KEY_UILaunchStoryboardName = "";
				INFOPLIST_KEY_UIMainStoryboardFile = Main;
				INFOPLIST_KEY_UISupportedInterfaceOrientations = UIInterfaceOrientationPortrait;
				INFOPLIST_KEY_UIUserInterfaceStyle = Light;
				IPHONEOS_DEPLOYMENT_TARGET = 15.0;
				LD_RUNPATH_SEARCH_PATHS = (
					"$(inherited)",
					"@executable_path/Frameworks",
				);
				MARKETING_VERSION = 1.0;
				PRODUCT_BUNDLE_IDENTIFIER = "com.soft.ob-intern";
				PRODUCT_NAME = "$(TARGET_NAME)";
				SWIFT_EMIT_LOC_STRINGS = YES;
				SWIFT_VERSION = 5.0;
				TARGETED_DEVICE_FAMILY = "1,2";
			};
			name = Release;
		};
/* End XCBuildConfiguration section */

/* Begin XCConfigurationList section */
		18C163A22A30332400188D98 /* Build configuration list for PBXProject "ob_intern" */ = {
			isa = XCConfigurationList;
			buildConfigurations = (
				18C163B92A30332600188D98 /* Debug */,
				18C163BA2A30332600188D98 /* Release */,
			);
			defaultConfigurationIsVisible = 0;
			defaultConfigurationName = Release;
		};
		18C163BB2A30332600188D98 /* Build configuration list for PBXNativeTarget "ob_intern" */ = {
			isa = XCConfigurationList;
			buildConfigurations = (
				18C163BC2A30332600188D98 /* Debug */,
				18C163BD2A30332600188D98 /* Release */,
			);
			defaultConfigurationIsVisible = 0;
			defaultConfigurationName = Release;
		};
/* End XCConfigurationList section */
	};
	rootObject = 18C1639F2A30332400188D98 /* Project object */;
}
